
Microsoft Visual Studio Solution File, Format Version 10.00
# Visual C++ Express 2008
Project("{8BC9CEB8-8B4A-11D0-8D11-00A0C91BC942}") = "MainCode", "MainCode.vcproj", "{71A73F79-2949-4C15-B515-EFDEA34F14E0}"
EndProject
Global
	GlobalSection(SolutionConfigurationPlatforms) = preSolution
		Debug|Win32 = Debug|Win32
		Release|Win32 = Release|Win32
	EndGlobalSection
	GlobalSection(ProjectConfigurationPlatforms) = postSolution
		{71A73F79-2949-4C15-B515-EFDEA34F14E0}.Debug|Win32.ActiveCfg = Debug|Win32
		{71A73F79-2949-4C15-B515-EFDEA34F14E0}.Debug|Win32.Build.0 = Debug|Win32
		{71A73F79-2949-4C15-B515-EFDEA34F14E0}.Release|Win32.ActiveCfg = Release|Win32
		{71A73F79-2949-4C15-B515-EFDEA34F14E0}.Release|Win32.Build.0 = Release|Win32
	EndGlobalSection
	GlobalSection(SolutionProperties) = preSolution
		HideSolutionNode = FALSE
	EndGlobalSection
EndGlobal
