l    514    509  2 0 0
l    511    515  2 0 0
l    520    514  0 0 0
l    515    521  0 0 0
l    526    520  2 0 0
l    521    527  2 0 0
l    518    526  2 0 0
l    527    519  2 0 0
l    508    518  2 0 0
l    519    510  2 0 0
l    534    511  2 0 0
l    509    562  2 0 0
l    514    570  1 0 0
l    571    515  1 0 0
l    544    534  2 0 0
l    563    544  2 0 0
l    616    508  2 0 0
l    510    617  2 0 0
l    627    518  0 0 0
l    628    519  0 0 0
l    520    643  1 0 0
l    644    521  1 0 0
l    590    563  2 0 0
l    562    602  2 0 0
l    612    571  1 0 0
l    603    590  2 0 0
l    570    641  1 0 0
l    602    637  2 0 0
l    638    603  2 0 0
l    642    612  1 0 0
l    671    616  2 0 0
l    617    672  2 0 0
l    675    627  0 0 0
l    676    628  0 0 0
l    637    694  2 0 0
l    696    638  2 0 0
l    641    703  1 0 0
l    704    642  1 0 0
l    643    705  1 0 0
l    706    644  1 0 0
l    693    671  2 0 0
l    672    695  2 0 0
l    711    675  0 0 0
l    676    712  0 0 0
l    705    737  1 0 0
l    738    706  1 0 0
l    739    693  2 0 0
l    695    740  2 0 0
l    694    770  2 0 0
l    771    696  2 0 0
l    703    776  1 0 0
l    777    704  1 0 0
l    747    711  0 0 0
l    712    748  0 0 0
l    737    780  1 0 0
l    781    738  1 0 0
l    747    790  0 0 0
l    791    748  0 0 0
l    816    781  1 0 0
l    830    739  2 0 0
l    740    831  2 0 0
l    780    857  1 0 0
l    770    872  2 0 0
l    872    771  2 0 0
l    858    816  1 0 0
l    776    883  1 0 0
l    883    777  1 0 0
l    790    855  0 0 0
l    856    791  0 0 0
l    857    889  1 0 0
l    889    858  1 0 0
l    855    839  1 1 0
l    856    840  1 1 0
l    871    830  2 0 0
l    831    871  2 0 0
l    879    839  1 1 0
l    840    879  1 1 0
l    888    855  1 1 0
l    856    888  1 1 0
end
